
Microsoft Visual Studio Solution File, Format Version 12.00
# Visual Studio 15
VisualStudioVersion = 15.0.27130.2020
MinimumVisualStudioVersion = 10.0.40219.1
Project("{FAE04EC0-301F-11D3-BF4B-00C04F79EFBC}") = "WebVotingSystem", "WebVotingSystem\WebVotingSystem.csproj", "{87623FF9-D0DB-41AA-93A0-6B66E91FCF41}"
EndProject
Global
	GlobalSection(SolutionConfigurationPlatforms) = preSolution
		Debug|Any CPU = Debug|Any CPU
		Release|Any CPU = Release|Any CPU
	EndGlobalSection
	GlobalSection(ProjectConfigurationPlatforms) = postSolution
		{87623FF9-D0DB-41AA-93A0-6B66E91FCF41}.Debug|Any CPU.ActiveCfg = Debug|Any CPU
		{87623FF9-D0DB-41AA-93A0-6B66E91FCF41}.Debug|Any CPU.Build.0 = Debug|Any CPU
		{87623FF9-D0DB-41AA-93A0-6B66E91FCF41}.Release|Any CPU.ActiveCfg = Release|Any CPU
		{87623FF9-D0DB-41AA-93A0-6B66E91FCF41}.Release|Any CPU.Build.0 = Release|Any CPU
	EndGlobalSection
	GlobalSection(SolutionProperties) = preSolution
		HideSolutionNode = FALSE
	EndGlobalSection
	GlobalSection(ExtensibilityGlobals) = postSolution
		SolutionGuid = {25897260-6F3B-4666-937C-0C5D294AEDE6}
	EndGlobalSection
EndGlobal
